
Microsoft Visual Studio Solution File, Format Version 12.00
# Visual Studio Version 16
VisualStudioVersion = 16.0.29926.136
MinimumVisualStudioVersion = 10.0.40219.1
Project("{FAE04EC0-301F-11D3-BF4B-00C04F79EFBC}") = "OnTapGiuaKy", "OnTapGiuaKy\OnTapGiuaKy.csproj", "{1E4D053F-F1C3-4CE8-BE3C-FFEFBE45640E}"
EndProject
Global
	GlobalSection(SolutionConfigurationPlatforms) = preSolution
		Debug|Any CPU = Debug|Any CPU
		Release|Any CPU = Release|Any CPU
	EndGlobalSection
	GlobalSection(ProjectConfigurationPlatforms) = postSolution
		{1E4D053F-F1C3-4CE8-BE3C-FFEFBE45640E}.Debug|Any CPU.ActiveCfg = Debug|Any CPU
		{1E4D053F-F1C3-4CE8-BE3C-FFEFBE45640E}.Debug|Any CPU.Build.0 = Debug|Any CPU
		{1E4D053F-F1C3-4CE8-BE3C-FFEFBE45640E}.Release|Any CPU.ActiveCfg = Release|Any CPU
		{1E4D053F-F1C3-4CE8-BE3C-FFEFBE45640E}.Release|Any CPU.Build.0 = Release|Any CPU
	EndGlobalSection
	GlobalSection(SolutionProperties) = preSolution
		HideSolutionNode = FALSE
	EndGlobalSection
	GlobalSection(ExtensibilityGlobals) = postSolution
		SolutionGuid = {0DE25AFE-4F1E-456C-97FC-27FBB1DF2E80}
	EndGlobalSection
EndGlobal
