
Microsoft Visual Studio Solution File, Format Version 12.00
# Visual Studio Version 16
VisualStudioVersion = 16.0.30104.148
MinimumVisualStudioVersion = 10.0.40219.1
Project("{FAE04EC0-301F-11D3-BF4B-00C04F79EFBC}") = "nguyenquocvuong_1813865", "nguyenquocvuong_1813865\nguyenquocvuong_1813865.csproj", "{FF63EE03-41E5-44E9-A8F9-33B0FDA3DBEF}"
EndProject
Global
	GlobalSection(SolutionConfigurationPlatforms) = preSolution
		Debug|Any CPU = Debug|Any CPU
		Release|Any CPU = Release|Any CPU
	EndGlobalSection
	GlobalSection(ProjectConfigurationPlatforms) = postSolution
		{FF63EE03-41E5-44E9-A8F9-33B0FDA3DBEF}.Debug|Any CPU.ActiveCfg = Debug|Any CPU
		{FF63EE03-41E5-44E9-A8F9-33B0FDA3DBEF}.Debug|Any CPU.Build.0 = Debug|Any CPU
		{FF63EE03-41E5-44E9-A8F9-33B0FDA3DBEF}.Release|Any CPU.ActiveCfg = Release|Any CPU
		{FF63EE03-41E5-44E9-A8F9-33B0FDA3DBEF}.Release|Any CPU.Build.0 = Release|Any CPU
	EndGlobalSection
	GlobalSection(SolutionProperties) = preSolution
		HideSolutionNode = FALSE
	EndGlobalSection
	GlobalSection(ExtensibilityGlobals) = postSolution
		SolutionGuid = {1FB79A98-AF4D-4A0C-8821-95269AFC9B1F}
	EndGlobalSection
EndGlobal
