
Microsoft Visual Studio Solution File, Format Version 12.00
# Visual Studio 14
VisualStudioVersion = 14.0.25420.1
MinimumVisualStudioVersion = 10.0.40219.1
Project("{FAE04EC0-301F-11D3-BF4B-00C04F79EFBC}") = "Client", "Client\Client.csproj", "{61FFEEE1-FB43-4E90-9C66-DA3D8954DF62}"
EndProject
Project("{FAE04EC0-301F-11D3-BF4B-00C04F79EFBC}") = "Server", "Server\Server.csproj", "{C43A3A07-C4F4-4B11-9501-FF261CA0D752}"
EndProject
Project("{FAE04EC0-301F-11D3-BF4B-00C04F79EFBC}") = "Common", "Common\Common.csproj", "{C744AEA3-0134-43D5-AAFF-CA1F5B99C038}"
EndProject
Global
	GlobalSection(SolutionConfigurationPlatforms) = preSolution
		Debug|Any CPU = Debug|Any CPU
		Release|Any CPU = Release|Any CPU
	EndGlobalSection
	GlobalSection(ProjectConfigurationPlatforms) = postSolution
		{61FFEEE1-FB43-4E90-9C66-DA3D8954DF62}.Debug|Any CPU.ActiveCfg = Debug|Any CPU
		{61FFEEE1-FB43-4E90-9C66-DA3D8954DF62}.Debug|Any CPU.Build.0 = Debug|Any CPU
		{61FFEEE1-FB43-4E90-9C66-DA3D8954DF62}.Release|Any CPU.ActiveCfg = Release|Any CPU
		{61FFEEE1-FB43-4E90-9C66-DA3D8954DF62}.Release|Any CPU.Build.0 = Release|Any CPU
		{C43A3A07-C4F4-4B11-9501-FF261CA0D752}.Debug|Any CPU.ActiveCfg = Debug|Any CPU
		{C43A3A07-C4F4-4B11-9501-FF261CA0D752}.Debug|Any CPU.Build.0 = Debug|Any CPU
		{C43A3A07-C4F4-4B11-9501-FF261CA0D752}.Release|Any CPU.ActiveCfg = Release|Any CPU
		{C43A3A07-C4F4-4B11-9501-FF261CA0D752}.Release|Any CPU.Build.0 = Release|Any CPU
		{C744AEA3-0134-43D5-AAFF-CA1F5B99C038}.Debug|Any CPU.ActiveCfg = Debug|Any CPU
		{C744AEA3-0134-43D5-AAFF-CA1F5B99C038}.Debug|Any CPU.Build.0 = Debug|Any CPU
		{C744AEA3-0134-43D5-AAFF-CA1F5B99C038}.Release|Any CPU.ActiveCfg = Release|Any CPU
		{C744AEA3-0134-43D5-AAFF-CA1F5B99C038}.Release|Any CPU.Build.0 = Release|Any CPU
	EndGlobalSection
	GlobalSection(SolutionProperties) = preSolution
		HideSolutionNode = FALSE
	EndGlobalSection
EndGlobal
